
Microsoft Visual Studio Solution File, Format Version 12.00
# Visual Studio Version 17
VisualStudioVersion = 17.11.35222.181
MinimumVisualStudioVersion = 10.0.40219.1
Project("{FAE04EC0-301F-11D3-BF4B-00C04F79EFBC}") = "var10", "var10\var10.csproj", "{B57D7B41-97CE-4C0A-80E9-5476E028303F}"
EndProject
Global
	GlobalSection(SolutionConfigurationPlatforms) = preSolution
		Debug|Any CPU = Debug|Any CPU
		Release|Any CPU = Release|Any CPU
	EndGlobalSection
	GlobalSection(ProjectConfigurationPlatforms) = postSolution
		{B57D7B41-97CE-4C0A-80E9-5476E028303F}.Debug|Any CPU.ActiveCfg = Debug|Any CPU
		{B57D7B41-97CE-4C0A-80E9-5476E028303F}.Debug|Any CPU.Build.0 = Debug|Any CPU
		{B57D7B41-97CE-4C0A-80E9-5476E028303F}.Release|Any CPU.ActiveCfg = Release|Any CPU
		{B57D7B41-97CE-4C0A-80E9-5476E028303F}.Release|Any CPU.Build.0 = Release|Any CPU
	EndGlobalSection
	GlobalSection(SolutionProperties) = preSolution
		HideSolutionNode = FALSE
	EndGlobalSection
	GlobalSection(ExtensibilityGlobals) = postSolution
		SolutionGuid = {80843D6C-AEDA-40C0-83A0-9655D56142B9}
	EndGlobalSection
EndGlobal
