
Microsoft Visual Studio Solution File, Format Version 12.00
# Visual Studio Version 17
VisualStudioVersion = 17.7.34024.191
MinimumVisualStudioVersion = 10.0.40219.1
Project("{FAE04EC0-301F-11D3-BF4B-00C04F79EFBC}") = "Laba5", "Laba5.csproj", "{E43FD346-621F-442C-99D9-C19D5A4CB0B4}"
EndProject
Global
	GlobalSection(SolutionConfigurationPlatforms) = preSolution
		Debug|Any CPU = Debug|Any CPU
		Release|Any CPU = Release|Any CPU
	EndGlobalSection
	GlobalSection(ProjectConfigurationPlatforms) = postSolution
		{E43FD346-621F-442C-99D9-C19D5A4CB0B4}.Debug|Any CPU.ActiveCfg = Debug|Any CPU
		{E43FD346-621F-442C-99D9-C19D5A4CB0B4}.Debug|Any CPU.Build.0 = Debug|Any CPU
		{E43FD346-621F-442C-99D9-C19D5A4CB0B4}.Release|Any CPU.ActiveCfg = Release|Any CPU
		{E43FD346-621F-442C-99D9-C19D5A4CB0B4}.Release|Any CPU.Build.0 = Release|Any CPU
	EndGlobalSection
	GlobalSection(SolutionProperties) = preSolution
		HideSolutionNode = FALSE
	EndGlobalSection
	GlobalSection(ExtensibilityGlobals) = postSolution
		SolutionGuid = {BF8E25D3-B459-41DB-9BC9-E3F41921C1E4}
	EndGlobalSection
EndGlobal
